
Microsoft Visual Studio Solution File, Format Version 12.00
# Visual Studio Version 17
VisualStudioVersion = 17.9.34622.214
MinimumVisualStudioVersion = 10.0.40219.1
Project("{FAE04EC0-301F-11D3-BF4B-00C04F79EFBC}") = "domaci 3", "domaci 3\domaci 3.csproj", "{43580B80-678E-45B1-83C7-A5EA85A2522A}"
EndProject
Global
	GlobalSection(SolutionConfigurationPlatforms) = preSolution
		Debug|Any CPU = Debug|Any CPU
		Release|Any CPU = Release|Any CPU
	EndGlobalSection
	GlobalSection(ProjectConfigurationPlatforms) = postSolution
		{43580B80-678E-45B1-83C7-A5EA85A2522A}.Debug|Any CPU.ActiveCfg = Debug|Any CPU
		{43580B80-678E-45B1-83C7-A5EA85A2522A}.Debug|Any CPU.Build.0 = Debug|Any CPU
		{43580B80-678E-45B1-83C7-A5EA85A2522A}.Release|Any CPU.ActiveCfg = Release|Any CPU
		{43580B80-678E-45B1-83C7-A5EA85A2522A}.Release|Any CPU.Build.0 = Release|Any CPU
	EndGlobalSection
	GlobalSection(SolutionProperties) = preSolution
		HideSolutionNode = FALSE
	EndGlobalSection
	GlobalSection(ExtensibilityGlobals) = postSolution
		SolutionGuid = {57BEA01C-03C2-459F-A549-F0E841669B7C}
	EndGlobalSection
EndGlobal
